
Microsoft Visual Studio Solution File, Format Version 12.00
# Visual Studio Version 16
VisualStudioVersion = 16.0.33214.272
MinimumVisualStudioVersion = 10.0.40219.1
Project("{FAE04EC0-301F-11D3-BF4B-00C04F79EFBC}") = "CmdCommands", "CmdCommands\CmdCommands.csproj", "{648EDFEF-8871-4019-903D-3B5B56E54DBB}"
EndProject
Global
	GlobalSection(SolutionConfigurationPlatforms) = preSolution
		Debug|Any CPU = Debug|Any CPU
		Release|Any CPU = Release|Any CPU
	EndGlobalSection
	GlobalSection(ProjectConfigurationPlatforms) = postSolution
		{648EDFEF-8871-4019-903D-3B5B56E54DBB}.Debug|Any CPU.ActiveCfg = Debug|Any CPU
		{648EDFEF-8871-4019-903D-3B5B56E54DBB}.Debug|Any CPU.Build.0 = Debug|Any CPU
		{648EDFEF-8871-4019-903D-3B5B56E54DBB}.Release|Any CPU.ActiveCfg = Release|Any CPU
		{648EDFEF-8871-4019-903D-3B5B56E54DBB}.Release|Any CPU.Build.0 = Release|Any CPU
	EndGlobalSection
	GlobalSection(SolutionProperties) = preSolution
		HideSolutionNode = FALSE
	EndGlobalSection
	GlobalSection(ExtensibilityGlobals) = postSolution
		SolutionGuid = {DA1FC067-B18F-45F9-B756-3911B95B41DA}
	EndGlobalSection
EndGlobal
